
Microsoft Visual Studio Solution File, Format Version 12.00
# Visual Studio 15
VisualStudioVersion = 15.0.28010.2041
MinimumVisualStudioVersion = 10.0.40219.1
Project("{FAE04EC0-301F-11D3-BF4B-00C04F79EFBC}") = "HomeWork2", "HomeWork2\HomeWork2.csproj", "{512D7336-C78F-48E3-9BA8-6A5090ABEE7A}"
EndProject
Global
	GlobalSection(SolutionConfigurationPlatforms) = preSolution
		Debug|Any CPU = Debug|Any CPU
		Release|Any CPU = Release|Any CPU
	EndGlobalSection
	GlobalSection(ProjectConfigurationPlatforms) = postSolution
		{512D7336-C78F-48E3-9BA8-6A5090ABEE7A}.Debug|Any CPU.ActiveCfg = Debug|Any CPU
		{512D7336-C78F-48E3-9BA8-6A5090ABEE7A}.Debug|Any CPU.Build.0 = Debug|Any CPU
		{512D7336-C78F-48E3-9BA8-6A5090ABEE7A}.Release|Any CPU.ActiveCfg = Release|Any CPU
		{512D7336-C78F-48E3-9BA8-6A5090ABEE7A}.Release|Any CPU.Build.0 = Release|Any CPU
	EndGlobalSection
	GlobalSection(SolutionProperties) = preSolution
		HideSolutionNode = FALSE
	EndGlobalSection
	GlobalSection(ExtensibilityGlobals) = postSolution
		SolutionGuid = {FC1D3842-5CA6-4429-9FDF-D32F2E1FB711}
	EndGlobalSection
EndGlobal
